
Microsoft Visual Studio Solution File, Format Version 12.00
# Visual Studio Version 17
VisualStudioVersion = 17.7.34202.233
MinimumVisualStudioVersion = 10.0.40219.1
Project("{9A19103F-16F7-4668-BE54-9A1E7A4F7556}") = "WebApi", "WebApplication1\WebApi.csproj", "{A53CF56F-AE78-47E1-846B-C6224F11B820}"
EndProject
Project("{9A19103F-16F7-4668-BE54-9A1E7A4F7556}") = "Entities", "Entities\Entities.csproj", "{567A0E6A-E1B5-4674-ADEB-8447C42FBD61}"
EndProject
Project("{9A19103F-16F7-4668-BE54-9A1E7A4F7556}") = "Repositories", "Repositories\Repositories.csproj", "{6CC6BB91-09A8-47B8-ACB0-F3A3103DDC82}"
EndProject
Project("{9A19103F-16F7-4668-BE54-9A1E7A4F7556}") = "Services", "Services\Services.csproj", "{DFA3D779-99D2-4754-A15C-96BBC97F70C0}"
EndProject
Project("{9A19103F-16F7-4668-BE54-9A1E7A4F7556}") = "Presentations", "Presentations\Presentations.csproj", "{2555B312-9362-4EA2-8359-1BFA73323AFF}"
EndProject
Global
	GlobalSection(SolutionConfigurationPlatforms) = preSolution
		Debug|Any CPU = Debug|Any CPU
		Release|Any CPU = Release|Any CPU
	EndGlobalSection
	GlobalSection(ProjectConfigurationPlatforms) = postSolution
		{A53CF56F-AE78-47E1-846B-C6224F11B820}.Debug|Any CPU.ActiveCfg = Debug|Any CPU
		{A53CF56F-AE78-47E1-846B-C6224F11B820}.Debug|Any CPU.Build.0 = Debug|Any CPU
		{A53CF56F-AE78-47E1-846B-C6224F11B820}.Release|Any CPU.ActiveCfg = Release|Any CPU
		{A53CF56F-AE78-47E1-846B-C6224F11B820}.Release|Any CPU.Build.0 = Release|Any CPU
		{567A0E6A-E1B5-4674-ADEB-8447C42FBD61}.Debug|Any CPU.ActiveCfg = Debug|Any CPU
		{567A0E6A-E1B5-4674-ADEB-8447C42FBD61}.Debug|Any CPU.Build.0 = Debug|Any CPU
		{567A0E6A-E1B5-4674-ADEB-8447C42FBD61}.Release|Any CPU.ActiveCfg = Release|Any CPU
		{567A0E6A-E1B5-4674-ADEB-8447C42FBD61}.Release|Any CPU.Build.0 = Release|Any CPU
		{6CC6BB91-09A8-47B8-ACB0-F3A3103DDC82}.Debug|Any CPU.ActiveCfg = Debug|Any CPU
		{6CC6BB91-09A8-47B8-ACB0-F3A3103DDC82}.Debug|Any CPU.Build.0 = Debug|Any CPU
		{6CC6BB91-09A8-47B8-ACB0-F3A3103DDC82}.Release|Any CPU.ActiveCfg = Release|Any CPU
		{6CC6BB91-09A8-47B8-ACB0-F3A3103DDC82}.Release|Any CPU.Build.0 = Release|Any CPU
		{DFA3D779-99D2-4754-A15C-96BBC97F70C0}.Debug|Any CPU.ActiveCfg = Debug|Any CPU
		{DFA3D779-99D2-4754-A15C-96BBC97F70C0}.Debug|Any CPU.Build.0 = Debug|Any CPU
		{DFA3D779-99D2-4754-A15C-96BBC97F70C0}.Release|Any CPU.ActiveCfg = Release|Any CPU
		{DFA3D779-99D2-4754-A15C-96BBC97F70C0}.Release|Any CPU.Build.0 = Release|Any CPU
		{2555B312-9362-4EA2-8359-1BFA73323AFF}.Debug|Any CPU.ActiveCfg = Debug|Any CPU
		{2555B312-9362-4EA2-8359-1BFA73323AFF}.Debug|Any CPU.Build.0 = Debug|Any CPU
		{2555B312-9362-4EA2-8359-1BFA73323AFF}.Release|Any CPU.ActiveCfg = Release|Any CPU
		{2555B312-9362-4EA2-8359-1BFA73323AFF}.Release|Any CPU.Build.0 = Release|Any CPU
	EndGlobalSection
	GlobalSection(SolutionProperties) = preSolution
		HideSolutionNode = FALSE
	EndGlobalSection
	GlobalSection(ExtensibilityGlobals) = postSolution
		SolutionGuid = {55029F74-55B0-4F38-BA03-EF79BF37840D}
	EndGlobalSection
EndGlobal
